
Microsoft Visual Studio Solution File, Format Version 12.00
# Visual Studio 15
VisualStudioVersion = 15.0.28010.2036
MinimumVisualStudioVersion = 10.0.40219.1
Project("{2150E333-8FDC-42A3-9474-1A3956D46DE8}") = "PS", "PS", "{BE8DDB7C-B181-4B23-AB4B-C2A89964344D}"
	ProjectSection(SolutionItems) = preProject
		Logger.ps1 = Logger.ps1
	EndProjectSection
EndProject
Global
	GlobalSection(SolutionProperties) = preSolution
		HideSolutionNode = FALSE
	EndGlobalSection
	GlobalSection(ExtensibilityGlobals) = postSolution
		SolutionGuid = {2828920D-10B2-40B3-B63D-0F54D56E9F1A}
	EndGlobalSection
EndGlobal
